
Microsoft Visual Studio Solution File, Format Version 12.00
# Visual Studio Version 16
VisualStudioVersion = 16.0.31112.23
MinimumVisualStudioVersion = 10.0.40219.1
Project("{FAE04EC0-301F-11D3-BF4B-00C04F79EFBC}") = "RoyalCoffee", "RoyalCoffee.csproj", "{8355517A-DECA-4941-8311-3FEAFBA22AD8}"
EndProject
Project("{FAE04EC0-301F-11D3-BF4B-00C04F79EFBC}") = "RoyalCoffeeManager", "..\RoyalCoffeeManager\RoyalCoffeeManager.csproj", "{7FD87245-ED77-443D-8BD2-5FA72D0E6075}"
EndProject
Global
	GlobalSection(SolutionConfigurationPlatforms) = preSolution
		Debug|Any CPU = Debug|Any CPU
		Release|Any CPU = Release|Any CPU
	EndGlobalSection
	GlobalSection(ProjectConfigurationPlatforms) = postSolution
		{8355517A-DECA-4941-8311-3FEAFBA22AD8}.Debug|Any CPU.ActiveCfg = Debug|Any CPU
		{8355517A-DECA-4941-8311-3FEAFBA22AD8}.Debug|Any CPU.Build.0 = Debug|Any CPU
		{8355517A-DECA-4941-8311-3FEAFBA22AD8}.Release|Any CPU.ActiveCfg = Release|Any CPU
		{8355517A-DECA-4941-8311-3FEAFBA22AD8}.Release|Any CPU.Build.0 = Release|Any CPU
		{7FD87245-ED77-443D-8BD2-5FA72D0E6075}.Debug|Any CPU.ActiveCfg = Debug|Any CPU
		{7FD87245-ED77-443D-8BD2-5FA72D0E6075}.Debug|Any CPU.Build.0 = Debug|Any CPU
		{7FD87245-ED77-443D-8BD2-5FA72D0E6075}.Release|Any CPU.ActiveCfg = Release|Any CPU
		{7FD87245-ED77-443D-8BD2-5FA72D0E6075}.Release|Any CPU.Build.0 = Release|Any CPU
	EndGlobalSection
	GlobalSection(SolutionProperties) = preSolution
		HideSolutionNode = FALSE
	EndGlobalSection
	GlobalSection(ExtensibilityGlobals) = postSolution
		SolutionGuid = {344FF075-B386-45A7-98E7-76B45B4C42EB}
	EndGlobalSection
EndGlobal
